// !$*UTF8*$!
{
	archiveVersion = 1;
	classes = {
	};
	objectVersion = 56;
	objects = {

/* Begin PBXBuildFile section */
		31703F332A9314E9003BCDA9 /* Cinerary urn.usdz in Resources */ = {isa = PBXBuildFile; fileRef = 31703F322A9314E9003BCDA9 /* Cinerary urn.usdz */; };
		31703F352A931573003BCDA9 /* Cinerary urn.png in Resources */ = {isa = PBXBuildFile; fileRef = 31703F342A931573003BCDA9 /* Cinerary urn.png */; };
		31703F372A93170C003BCDA9 /* Conall Cael Bell Cover.png in Resources */ = {isa = PBXBuildFile; fileRef = 31703F362A93170C003BCDA9 /* Conall Cael Bell Cover.png */; };
		31703F392A931761003BCDA9 /* Conall Cael Bell Cover.usdz in Resources */ = {isa = PBXBuildFile; fileRef = 31703F382A931761003BCDA9 /* Conall Cael Bell Cover.usdz */; };
		31703F3B2A9317A7003BCDA9 /* Datas.swift in Sources */ = {isa = PBXBuildFile; fileRef = 31703F3A2A9317A7003BCDA9 /* Datas.swift */; };
		31703F3D2A9318FD003BCDA9 /* "Rishi" coffin.png in Resources */ = {isa = PBXBuildFile; fileRef = 31703F3C2A9318FD003BCDA9 /* "Rishi" coffin.png */; };
		31703F3F2A93190A003BCDA9 /* "Rishi" coffin.usdz in Resources */ = {isa = PBXBuildFile; fileRef = 31703F3E2A93190A003BCDA9 /* "Rishi" coffin.usdz */; };
		31703F432A931A5A003BCDA9 /* Sleeping Hermaphroditos.png in Resources */ = {isa = PBXBuildFile; fileRef = 31703F422A931A5A003BCDA9 /* Sleeping Hermaphroditos.png */; };
		31703F452A931A61003BCDA9 /* Sleeping Hermaphroditos.usdz in Resources */ = {isa = PBXBuildFile; fileRef = 31703F442A931A61003BCDA9 /* Sleeping Hermaphroditos.usdz */; };
		31703F472A931AD9003BCDA9 /* Silent Monitor.png in Resources */ = {isa = PBXBuildFile; fileRef = 31703F462A931AD9003BCDA9 /* Silent Monitor.png */; };
		31703F492A931AE0003BCDA9 /* Silent Monitor.usdz in Resources */ = {isa = PBXBuildFile; fileRef = 31703F482A931AE0003BCDA9 /* Silent Monitor.usdz */; };
		31DCC21D2A822DD900FAC432 /* AppDelegate.swift in Sources */ = {isa = PBXBuildFile; fileRef = 31DCC21C2A822DD900FAC432 /* AppDelegate.swift */; };
		31DCC21F2A822DD900FAC432 /* SceneDelegate.swift in Sources */ = {isa = PBXBuildFile; fileRef = 31DCC21E2A822DD900FAC432 /* SceneDelegate.swift */; };
		31DCC2212A822DD900FAC432 /* IndexViewController.swift in Sources */ = {isa = PBXBuildFile; fileRef = 31DCC2202A822DD900FAC432 /* IndexViewController.swift */; };
		31DCC2242A822DD900FAC432 /* Main.storyboard in Resources */ = {isa = PBXBuildFile; fileRef = 31DCC2222A822DD900FAC432 /* Main.storyboard */; };
		31DCC2272A822DD900FAC432 /* PaperWorld.xcdatamodeld in Sources */ = {isa = PBXBuildFile; fileRef = 31DCC2252A822DD900FAC432 /* PaperWorld.xcdatamodeld */; };
		31DCC2292A822DDA00FAC432 /* Assets.xcassets in Resources */ = {isa = PBXBuildFile; fileRef = 31DCC2282A822DDA00FAC432 /* Assets.xcassets */; };
		31DCC22C2A822DDA00FAC432 /* LaunchScreen.storyboard in Resources */ = {isa = PBXBuildFile; fileRef = 31DCC22A2A822DDA00FAC432 /* LaunchScreen.storyboard */; };
		31DCC2362A8235AC00FAC432 /* avatar.jpg in Resources */ = {isa = PBXBuildFile; fileRef = 31DCC2352A8235AC00FAC432 /* avatar.jpg */; };
		31DCC2382A8236BE00FAC432 /* museum.jpg in Resources */ = {isa = PBXBuildFile; fileRef = 31DCC2372A8236BE00FAC432 /* museum.jpg */; };
		31DCC23C2A8240FC00FAC432 /* OIP-C.jpg in Resources */ = {isa = PBXBuildFile; fileRef = 31DCC23B2A8240FC00FAC432 /* OIP-C.jpg */; };
		31DCC23E2A83482F00FAC432 /* SettingViewController.swift in Sources */ = {isa = PBXBuildFile; fileRef = 31DCC23D2A83482F00FAC432 /* SettingViewController.swift */; };
		31DCC2402A83549000FAC432 /* UserData.swift in Sources */ = {isa = PBXBuildFile; fileRef = 31DCC23F2A83549000FAC432 /* UserData.swift */; };
		31DCC2422A835ADC00FAC432 /* ProfileViewController.swift in Sources */ = {isa = PBXBuildFile; fileRef = 31DCC2412A835ADC00FAC432 /* ProfileViewController.swift */; };
		31DCC2442A835CCC00FAC432 /* DetailViewController.swift in Sources */ = {isa = PBXBuildFile; fileRef = 31DCC2432A835CCC00FAC432 /* DetailViewController.swift */; };
		31DCC2462A835EFE00FAC432 /* OIP-C.usdz in Resources */ = {isa = PBXBuildFile; fileRef = 31DCC2452A835EFE00FAC432 /* OIP-C.usdz */; };
/* End PBXBuildFile section */

/* Begin PBXFileReference section */
		31703F322A9314E9003BCDA9 /* Cinerary urn.usdz */ = {isa = PBXFileReference; lastKnownFileType = file.usdz; path = "Cinerary urn.usdz"; sourceTree = "<group>"; };
		31703F342A931573003BCDA9 /* Cinerary urn.png */ = {isa = PBXFileReference; lastKnownFileType = image.png; path = "Cinerary urn.png"; sourceTree = "<group>"; };
		31703F362A93170C003BCDA9 /* Conall Cael Bell Cover.png */ = {isa = PBXFileReference; lastKnownFileType = image.png; path = "Conall Cael Bell Cover.png"; sourceTree = "<group>"; };
		31703F382A931761003BCDA9 /* Conall Cael Bell Cover.usdz */ = {isa = PBXFileReference; lastKnownFileType = file.usdz; path = "Conall Cael Bell Cover.usdz"; sourceTree = "<group>"; };
		31703F3A2A9317A7003BCDA9 /* Datas.swift */ = {isa = PBXFileReference; lastKnownFileType = sourcecode.swift; path = Datas.swift; sourceTree = "<group>"; };
		31703F3C2A9318FD003BCDA9 /* "Rishi" coffin.png */ = {isa = PBXFileReference; lastKnownFileType = image.png; path = "\"Rishi\" coffin.png"; sourceTree = "<group>"; };
		31703F3E2A93190A003BCDA9 /* "Rishi" coffin.usdz */ = {isa = PBXFileReference; lastKnownFileType = file.usdz; path = "\"Rishi\" coffin.usdz"; sourceTree = "<group>"; };
		31703F422A931A5A003BCDA9 /* Sleeping Hermaphroditos.png */ = {isa = PBXFileReference; lastKnownFileType = image.png; path = "Sleeping Hermaphroditos.png"; sourceTree = "<group>"; };
		31703F442A931A61003BCDA9 /* Sleeping Hermaphroditos.usdz */ = {isa = PBXFileReference; lastKnownFileType = file.usdz; path = "Sleeping Hermaphroditos.usdz"; sourceTree = "<group>"; };
		31703F462A931AD9003BCDA9 /* Silent Monitor.png */ = {isa = PBXFileReference; lastKnownFileType = image.png; path = "Silent Monitor.png"; sourceTree = "<group>"; };
		31703F482A931AE0003BCDA9 /* Silent Monitor.usdz */ = {isa = PBXFileReference; lastKnownFileType = file.usdz; path = "Silent Monitor.usdz"; sourceTree = "<group>"; };
		31DCC2192A822DD900FAC432 /* PaperWorld.app */ = {isa = PBXFileReference; explicitFileType = wrapper.application; includeInIndex = 0; path = PaperWorld.app; sourceTree = BUILT_PRODUCTS_DIR; };
		31DCC21C2A822DD900FAC432 /* AppDelegate.swift */ = {isa = PBXFileReference; lastKnownFileType = sourcecode.swift; path = AppDelegate.swift; sourceTree = "<group>"; };
		31DCC21E2A822DD900FAC432 /* SceneDelegate.swift */ = {isa = PBXFileReference; lastKnownFileType = sourcecode.swift; path = SceneDelegate.swift; sourceTree = "<group>"; };
		31DCC2202A822DD900FAC432 /* IndexViewController.swift */ = {isa = PBXFileReference; lastKnownFileType = sourcecode.swift; path = IndexViewController.swift; sourceTree = "<group>"; };
		31DCC2232A822DD900FAC432 /* Base */ = {isa = PBXFileReference; lastKnownFileType = file.storyboard; name = Base; path = Base.lproj/Main.storyboard; sourceTree = "<group>"; };
		31DCC2262A822DD900FAC432 /* PaperWorld.xcdatamodel */ = {isa = PBXFileReference; lastKnownFileType = wrapper.xcdatamodel; path = PaperWorld.xcdatamodel; sourceTree = "<group>"; };
		31DCC2282A822DDA00FAC432 /* Assets.xcassets */ = {isa = PBXFileReference; lastKnownFileType = folder.assetcatalog; path = Assets.xcassets; sourceTree = "<group>"; };
		31DCC22B2A822DDA00FAC432 /* Base */ = {isa = PBXFileReference; lastKnownFileType = file.storyboard; name = Base; path = Base.lproj/LaunchScreen.storyboard; sourceTree = "<group>"; };
		31DCC22D2A822DDA00FAC432 /* Info.plist */ = {isa = PBXFileReference; lastKnownFileType = text.plist.xml; path = Info.plist; sourceTree = "<group>"; };
		31DCC2352A8235AC00FAC432 /* avatar.jpg */ = {isa = PBXFileReference; lastKnownFileType = image.jpeg; path = avatar.jpg; sourceTree = "<group>"; };
		31DCC2372A8236BE00FAC432 /* museum.jpg */ = {isa = PBXFileReference; lastKnownFileType = image.jpeg; path = museum.jpg; sourceTree = "<group>"; };
		31DCC2392A823DA300FAC432 /* Grandstander-Light.ttf */ = {isa = PBXFileReference; lastKnownFileType = file; path = "Grandstander-Light.ttf"; sourceTree = "<group>"; };
		31DCC23A2A823DA800FAC432 /* Grandstander-Regular.ttf */ = {isa = PBXFileReference; lastKnownFileType = file; path = "Grandstander-Regular.ttf"; sourceTree = "<group>"; };
		31DCC23B2A8240FC00FAC432 /* OIP-C.jpg */ = {isa = PBXFileReference; lastKnownFileType = image.jpeg; path = "OIP-C.jpg"; sourceTree = "<group>"; };
		31DCC23D2A83482F00FAC432 /* SettingViewController.swift */ = {isa = PBXFileReference; lastKnownFileType = sourcecode.swift; path = SettingViewController.swift; sourceTree = "<group>"; };
		31DCC23F2A83549000FAC432 /* UserData.swift */ = {isa = PBXFileReference; lastKnownFileType = sourcecode.swift; path = UserData.swift; sourceTree = "<group>"; };
		31DCC2412A835ADC00FAC432 /* ProfileViewController.swift */ = {isa = PBXFileReference; lastKnownFileType = sourcecode.swift; path = ProfileViewController.swift; sourceTree = "<group>"; };
		31DCC2432A835CCC00FAC432 /* DetailViewController.swift */ = {isa = PBXFileReference; lastKnownFileType = sourcecode.swift; path = DetailViewController.swift; sourceTree = "<group>"; };
		31DCC2452A835EFE00FAC432 /* OIP-C.usdz */ = {isa = PBXFileReference; lastKnownFileType = file.usdz; path = "OIP-C.usdz"; sourceTree = "<group>"; };
/* End PBXFileReference section */

/* Begin PBXFrameworksBuildPhase section */
		31DCC2162A822DD900FAC432 /* Frameworks */ = {
			isa = PBXFrameworksBuildPhase;
			buildActionMask = 2147483647;
			files = (
			);
			runOnlyForDeploymentPostprocessing = 0;
		};
/* End PBXFrameworksBuildPhase section */

/* Begin PBXGroup section */
		31DCC2102A822DD900FAC432 = {
			isa = PBXGroup;
			children = (
				31DCC21B2A822DD900FAC432 /* PaperWorld */,
				31DCC21A2A822DD900FAC432 /* Products */,
			);
			sourceTree = "<group>";
		};
		31DCC21A2A822DD900FAC432 /* Products */ = {
			isa = PBXGroup;
			children = (
				31DCC2192A822DD900FAC432 /* PaperWorld.app */,
			);
			name = Products;
			sourceTree = "<group>";
		};
		31DCC21B2A822DD900FAC432 /* PaperWorld */ = {
			isa = PBXGroup;
			children = (
				31DCC21C2A822DD900FAC432 /* AppDelegate.swift */,
				31DCC21E2A822DD900FAC432 /* SceneDelegate.swift */,
				31DCC2202A822DD900FAC432 /* IndexViewController.swift */,
				31DCC2412A835ADC00FAC432 /* ProfileViewController.swift */,
				31DCC2432A835CCC00FAC432 /* DetailViewController.swift */,
				31DCC23D2A83482F00FAC432 /* SettingViewController.swift */,
				31DCC23F2A83549000FAC432 /* UserData.swift */,
				31703F342A931573003BCDA9 /* Cinerary urn.png */,
				31703F322A9314E9003BCDA9 /* Cinerary urn.usdz */,
				31703F362A93170C003BCDA9 /* Conall Cael Bell Cover.png */,
				31703F382A931761003BCDA9 /* Conall Cael Bell Cover.usdz */,
				31703F3C2A9318FD003BCDA9 /* "Rishi" coffin.png */,
				31703F3E2A93190A003BCDA9 /* "Rishi" coffin.usdz */,
				31703F422A931A5A003BCDA9 /* Sleeping Hermaphroditos.png */,
				31703F442A931A61003BCDA9 /* Sleeping Hermaphroditos.usdz */,
				31703F462A931AD9003BCDA9 /* Silent Monitor.png */,
				31703F482A931AE0003BCDA9 /* Silent Monitor.usdz */,
				31DCC2222A822DD900FAC432 /* Main.storyboard */,
				31DCC2452A835EFE00FAC432 /* OIP-C.usdz */,
				31DCC2282A822DDA00FAC432 /* Assets.xcassets */,
				31DCC22A2A822DDA00FAC432 /* LaunchScreen.storyboard */,
				31DCC2372A8236BE00FAC432 /* museum.jpg */,
				31DCC2392A823DA300FAC432 /* Grandstander-Light.ttf */,
				31DCC23A2A823DA800FAC432 /* Grandstander-Regular.ttf */,
				31DCC23B2A8240FC00FAC432 /* OIP-C.jpg */,
				31DCC2352A8235AC00FAC432 /* avatar.jpg */,
				31DCC22D2A822DDA00FAC432 /* Info.plist */,
				31DCC2252A822DD900FAC432 /* PaperWorld.xcdatamodeld */,
				31703F3A2A9317A7003BCDA9 /* Datas.swift */,
			);
			path = PaperWorld;
			sourceTree = "<group>";
		};
/* End PBXGroup section */

/* Begin PBXNativeTarget section */
		31DCC2182A822DD900FAC432 /* PaperWorld */ = {
			isa = PBXNativeTarget;
			buildConfigurationList = 31DCC2302A822DDA00FAC432 /* Build configuration list for PBXNativeTarget "PaperWorld" */;
			buildPhases = (
				31DCC2152A822DD900FAC432 /* Sources */,
				31DCC2162A822DD900FAC432 /* Frameworks */,
				31DCC2172A822DD900FAC432 /* Resources */,
			);
			buildRules = (
			);
			dependencies = (
			);
			name = PaperWorld;
			productName = PaperWorld;
			productReference = 31DCC2192A822DD900FAC432 /* PaperWorld.app */;
			productType = "com.apple.product-type.application";
		};
/* End PBXNativeTarget section */

/* Begin PBXProject section */
		31DCC2112A822DD900FAC432 /* Project object */ = {
			isa = PBXProject;
			attributes = {
				BuildIndependentTargetsInParallel = 1;
				LastSwiftUpdateCheck = 1430;
				LastUpgradeCheck = 1430;
				TargetAttributes = {
					31DCC2182A822DD900FAC432 = {
						CreatedOnToolsVersion = 14.3.1;
					};
				};
			};
			buildConfigurationList = 31DCC2142A822DD900FAC432 /* Build configuration list for PBXProject "PaperWorld" */;
			compatibilityVersion = "Xcode 14.0";
			developmentRegion = en;
			hasScannedForEncodings = 0;
			knownRegions = (
				en,
				Base,
			);
			mainGroup = 31DCC2102A822DD900FAC432;
			productRefGroup = 31DCC21A2A822DD900FAC432 /* Products */;
			projectDirPath = "";
			projectRoot = "";
			targets = (
				31DCC2182A822DD900FAC432 /* PaperWorld */,
			);
		};
/* End PBXProject section */

/* Begin PBXResourcesBuildPhase section */
		31DCC2172A822DD900FAC432 /* Resources */ = {
			isa = PBXResourcesBuildPhase;
			buildActionMask = 2147483647;
			files = (
				31703F432A931A5A003BCDA9 /* Sleeping Hermaphroditos.png in Resources */,
				31DCC2362A8235AC00FAC432 /* avatar.jpg in Resources */,
				31DCC23C2A8240FC00FAC432 /* OIP-C.jpg in Resources */,
				31703F492A931AE0003BCDA9 /* Silent Monitor.usdz in Resources */,
				31703F352A931573003BCDA9 /* Cinerary urn.png in Resources */,
				31DCC2382A8236BE00FAC432 /* museum.jpg in Resources */,
				31703F392A931761003BCDA9 /* Conall Cael Bell Cover.usdz in Resources */,
				31DCC22C2A822DDA00FAC432 /* LaunchScreen.storyboard in Resources */,
				31DCC2292A822DDA00FAC432 /* Assets.xcassets in Resources */,
				31DCC2462A835EFE00FAC432 /* OIP-C.usdz in Resources */,
				31703F3F2A93190A003BCDA9 /* "Rishi" coffin.usdz in Resources */,
				31703F372A93170C003BCDA9 /* Conall Cael Bell Cover.png in Resources */,
				31703F3D2A9318FD003BCDA9 /* "Rishi" coffin.png in Resources */,
				31703F472A931AD9003BCDA9 /* Silent Monitor.png in Resources */,
				31703F332A9314E9003BCDA9 /* Cinerary urn.usdz in Resources */,
				31DCC2242A822DD900FAC432 /* Main.storyboard in Resources */,
				31703F452A931A61003BCDA9 /* Sleeping Hermaphroditos.usdz in Resources */,
			);
			runOnlyForDeploymentPostprocessing = 0;
		};
/* End PBXResourcesBuildPhase section */

/* Begin PBXSourcesBuildPhase section */
		31DCC2152A822DD900FAC432 /* Sources */ = {
			isa = PBXSourcesBuildPhase;
			buildActionMask = 2147483647;
			files = (
				31DCC23E2A83482F00FAC432 /* SettingViewController.swift in Sources */,
				31DCC2212A822DD900FAC432 /* IndexViewController.swift in Sources */,
				31DCC21D2A822DD900FAC432 /* AppDelegate.swift in Sources */,
				31DCC21F2A822DD900FAC432 /* SceneDelegate.swift in Sources */,
				31703F3B2A9317A7003BCDA9 /* Datas.swift in Sources */,
				31DCC2422A835ADC00FAC432 /* ProfileViewController.swift in Sources */,
				31DCC2402A83549000FAC432 /* UserData.swift in Sources */,
				31DCC2272A822DD900FAC432 /* PaperWorld.xcdatamodeld in Sources */,
				31DCC2442A835CCC00FAC432 /* DetailViewController.swift in Sources */,
			);
			runOnlyForDeploymentPostprocessing = 0;
		};
/* End PBXSourcesBuildPhase section */

/* Begin PBXVariantGroup section */
		31DCC2222A822DD900FAC432 /* Main.storyboard */ = {
			isa = PBXVariantGroup;
			children = (
				31DCC2232A822DD900FAC432 /* Base */,
			);
			name = Main.storyboard;
			sourceTree = "<group>";
		};
		31DCC22A2A822DDA00FAC432 /* LaunchScreen.storyboard */ = {
			isa = PBXVariantGroup;
			children = (
				31DCC22B2A822DDA00FAC432 /* Base */,
			);
			name = LaunchScreen.storyboard;
			sourceTree = "<group>";
		};
/* End PBXVariantGroup section */

/* Begin XCBuildConfiguration section */
		31DCC22E2A822DDA00FAC432 /* Debug */ = {
			isa = XCBuildConfiguration;
			buildSettings = {
				ALWAYS_SEARCH_USER_PATHS = NO;
				CLANG_ANALYZER_NONNULL = YES;
				CLANG_ANALYZER_NUMBER_OBJECT_CONVERSION = YES_AGGRESSIVE;
				CLANG_CXX_LANGUAGE_STANDARD = "gnu++20";
				CLANG_ENABLE_MODULES = YES;
				CLANG_ENABLE_OBJC_ARC = YES;
				CLANG_ENABLE_OBJC_WEAK = YES;
				CLANG_WARN_BLOCK_CAPTURE_AUTORELEASING = YES;
				CLANG_WARN_BOOL_CONVERSION = YES;
				CLANG_WARN_COMMA = YES;
				CLANG_WARN_CONSTANT_CONVERSION = YES;
				CLANG_WARN_DEPRECATED_OBJC_IMPLEMENTATIONS = YES;
				CLANG_WARN_DIRECT_OBJC_ISA_USAGE = YES_ERROR;
				CLANG_WARN_DOCUMENTATION_COMMENTS = YES;
				CLANG_WARN_EMPTY_BODY = YES;
				CLANG_WARN_ENUM_CONVERSION = YES;
				CLANG_WARN_INFINITE_RECURSION = YES;
				CLANG_WARN_INT_CONVERSION = YES;
				CLANG_WARN_NON_LITERAL_NULL_CONVERSION = YES;
				CLANG_WARN_OBJC_IMPLICIT_RETAIN_SELF = YES;
				CLANG_WARN_OBJC_LITERAL_CONVERSION = YES;
				CLANG_WARN_OBJC_ROOT_CLASS = YES_ERROR;
				CLANG_WARN_QUOTED_INCLUDE_IN_FRAMEWORK_HEADER = YES;
				CLANG_WARN_RANGE_LOOP_ANALYSIS = YES;
				CLANG_WARN_STRICT_PROTOTYPES = YES;
				CLANG_WARN_SUSPICIOUS_MOVE = YES;
				CLANG_WARN_UNGUARDED_AVAILABILITY = YES_AGGRESSIVE;
				CLANG_WARN_UNREACHABLE_CODE = YES;
				CLANG_WARN__DUPLICATE_METHOD_MATCH = YES;
				COPY_PHASE_STRIP = NO;
				DEBUG_INFORMATION_FORMAT = dwarf;
				ENABLE_STRICT_OBJC_MSGSEND = YES;
				ENABLE_TESTABILITY = YES;
				GCC_C_LANGUAGE_STANDARD = gnu11;
				GCC_DYNAMIC_NO_PIC = NO;
				GCC_NO_COMMON_BLOCKS = YES;
				GCC_OPTIMIZATION_LEVEL = 0;
				GCC_PREPROCESSOR_DEFINITIONS = (
					"DEBUG=1",
					"$(inherited)",
				);
				GCC_WARN_64_TO_32_BIT_CONVERSION = YES;
				GCC_WARN_ABOUT_RETURN_TYPE = YES_ERROR;
				GCC_WARN_UNDECLARED_SELECTOR = YES;
				GCC_WARN_UNINITIALIZED_AUTOS = YES_AGGRESSIVE;
				GCC_WARN_UNUSED_FUNCTION = YES;
				GCC_WARN_UNUSED_VARIABLE = YES;
				IPHONEOS_DEPLOYMENT_TARGET = 16.4;
				MTL_ENABLE_DEBUG_INFO = INCLUDE_SOURCE;
				MTL_FAST_MATH = YES;
				ONLY_ACTIVE_ARCH = YES;
				SDKROOT = iphoneos;
				SWIFT_ACTIVE_COMPILATION_CONDITIONS = DEBUG;
				SWIFT_OPTIMIZATION_LEVEL = "-Onone";
			};
			name = Debug;
		};
		31DCC22F2A822DDA00FAC432 /* Release */ = {
			isa = XCBuildConfiguration;
			buildSettings = {
				ALWAYS_SEARCH_USER_PATHS = NO;
				CLANG_ANALYZER_NONNULL = YES;
				CLANG_ANALYZER_NUMBER_OBJECT_CONVERSION = YES_AGGRESSIVE;
				CLANG_CXX_LANGUAGE_STANDARD = "gnu++20";
				CLANG_ENABLE_MODULES = YES;
				CLANG_ENABLE_OBJC_ARC = YES;
				CLANG_ENABLE_OBJC_WEAK = YES;
				CLANG_WARN_BLOCK_CAPTURE_AUTORELEASING = YES;
				CLANG_WARN_BOOL_CONVERSION = YES;
				CLANG_WARN_COMMA = YES;
				CLANG_WARN_CONSTANT_CONVERSION = YES;
				CLANG_WARN_DEPRECATED_OBJC_IMPLEMENTATIONS = YES;
				CLANG_WARN_DIRECT_OBJC_ISA_USAGE = YES_ERROR;
				CLANG_WARN_DOCUMENTATION_COMMENTS = YES;
				CLANG_WARN_EMPTY_BODY = YES;
				CLANG_WARN_ENUM_CONVERSION = YES;
				CLANG_WARN_INFINITE_RECURSION = YES;
				CLANG_WARN_INT_CONVERSION = YES;
				CLANG_WARN_NON_LITERAL_NULL_CONVERSION = YES;
				CLANG_WARN_OBJC_IMPLICIT_RETAIN_SELF = YES;
				CLANG_WARN_OBJC_LITERAL_CONVERSION = YES;
				CLANG_WARN_OBJC_ROOT_CLASS = YES_ERROR;
				CLANG_WARN_QUOTED_INCLUDE_IN_FRAMEWORK_HEADER = YES;
				CLANG_WARN_RANGE_LOOP_ANALYSIS = YES;
				CLANG_WARN_STRICT_PROTOTYPES = YES;
				CLANG_WARN_SUSPICIOUS_MOVE = YES;
				CLANG_WARN_UNGUARDED_AVAILABILITY = YES_AGGRESSIVE;
				CLANG_WARN_UNREACHABLE_CODE = YES;
				CLANG_WARN__DUPLICATE_METHOD_MATCH = YES;
				COPY_PHASE_STRIP = NO;
				DEBUG_INFORMATION_FORMAT = "dwarf-with-dsym";
				ENABLE_NS_ASSERTIONS = NO;
				ENABLE_STRICT_OBJC_MSGSEND = YES;
				GCC_C_LANGUAGE_STANDARD = gnu11;
				GCC_NO_COMMON_BLOCKS = YES;
				GCC_WARN_64_TO_32_BIT_CONVERSION = YES;
				GCC_WARN_ABOUT_RETURN_TYPE = YES_ERROR;
				GCC_WARN_UNDECLARED_SELECTOR = YES;
				GCC_WARN_UNINITIALIZED_AUTOS = YES_AGGRESSIVE;
				GCC_WARN_UNUSED_FUNCTION = YES;
				GCC_WARN_UNUSED_VARIABLE = YES;
				IPHONEOS_DEPLOYMENT_TARGET = 16.4;
				MTL_ENABLE_DEBUG_INFO = NO;
				MTL_FAST_MATH = YES;
				SDKROOT = iphoneos;
				SWIFT_COMPILATION_MODE = wholemodule;
				SWIFT_OPTIMIZATION_LEVEL = "-O";
				VALIDATE_PRODUCT = YES;
			};
			name = Release;
		};
		31DCC2312A822DDA00FAC432 /* Debug */ = {
			isa = XCBuildConfiguration;
			buildSettings = {
				ASSETCATALOG_COMPILER_APPICON_NAME = AppIcon;
				ASSETCATALOG_COMPILER_GLOBAL_ACCENT_COLOR_NAME = AccentColor;
				CODE_SIGN_STYLE = Automatic;
				CURRENT_PROJECT_VERSION = 1;
				DEVELOPMENT_TEAM = LKMBDQA2QL;
				GENERATE_INFOPLIST_FILE = YES;
				INFOPLIST_FILE = PaperWorld/Info.plist;
				INFOPLIST_KEY_UIApplicationSupportsIndirectInputEvents = YES;
				INFOPLIST_KEY_UILaunchStoryboardName = LaunchScreen;
				INFOPLIST_KEY_UIMainStoryboardFile = "";
				INFOPLIST_KEY_UISupportedInterfaceOrientations_iPad = "UIInterfaceOrientationPortrait UIInterfaceOrientationPortraitUpsideDown UIInterfaceOrientationLandscapeLeft UIInterfaceOrientationLandscapeRight";
				INFOPLIST_KEY_UISupportedInterfaceOrientations_iPhone = "UIInterfaceOrientationPortrait UIInterfaceOrientationLandscapeLeft UIInterfaceOrientationLandscapeRight";
				LD_RUNPATH_SEARCH_PATHS = (
					"$(inherited)",
					"@executable_path/Frameworks",
				);
				MARKETING_VERSION = 1.0;
				PRODUCT_BUNDLE_IDENTIFIER = pro.Franky.PaperWorld;
				PRODUCT_NAME = "$(TARGET_NAME)";
				SWIFT_EMIT_LOC_STRINGS = YES;
				SWIFT_VERSION = 5.0;
				TARGETED_DEVICE_FAMILY = "1,2";
			};
			name = Debug;
		};
		31DCC2322A822DDA00FAC432 /* Release */ = {
			isa = XCBuildConfiguration;
			buildSettings = {
				ASSETCATALOG_COMPILER_APPICON_NAME = AppIcon;
				ASSETCATALOG_COMPILER_GLOBAL_ACCENT_COLOR_NAME = AccentColor;
				CODE_SIGN_STYLE = Automatic;
				CURRENT_PROJECT_VERSION = 1;
				DEVELOPMENT_TEAM = LKMBDQA2QL;
				GENERATE_INFOPLIST_FILE = YES;
				INFOPLIST_FILE = PaperWorld/Info.plist;
				INFOPLIST_KEY_UIApplicationSupportsIndirectInputEvents = YES;
				INFOPLIST_KEY_UILaunchStoryboardName = LaunchScreen;
				INFOPLIST_KEY_UIMainStoryboardFile = "";
				INFOPLIST_KEY_UISupportedInterfaceOrientations_iPad = "UIInterfaceOrientationPortrait UIInterfaceOrientationPortraitUpsideDown UIInterfaceOrientationLandscapeLeft UIInterfaceOrientationLandscapeRight";
				INFOPLIST_KEY_UISupportedInterfaceOrientations_iPhone = "UIInterfaceOrientationPortrait UIInterfaceOrientationLandscapeLeft UIInterfaceOrientationLandscapeRight";
				LD_RUNPATH_SEARCH_PATHS = (
					"$(inherited)",
					"@executable_path/Frameworks",
				);
				MARKETING_VERSION = 1.0;
				PRODUCT_BUNDLE_IDENTIFIER = pro.Franky.PaperWorld;
				PRODUCT_NAME = "$(TARGET_NAME)";
				SWIFT_EMIT_LOC_STRINGS = YES;
				SWIFT_VERSION = 5.0;
				TARGETED_DEVICE_FAMILY = "1,2";
			};
			name = Release;
		};
/* End XCBuildConfiguration section */

/* Begin XCConfigurationList section */
		31DCC2142A822DD900FAC432 /* Build configuration list for PBXProject "PaperWorld" */ = {
			isa = XCConfigurationList;
			buildConfigurations = (
				31DCC22E2A822DDA00FAC432 /* Debug */,
				31DCC22F2A822DDA00FAC432 /* Release */,
			);
			defaultConfigurationIsVisible = 0;
			defaultConfigurationName = Release;
		};
		31DCC2302A822DDA00FAC432 /* Build configuration list for PBXNativeTarget "PaperWorld" */ = {
			isa = XCConfigurationList;
			buildConfigurations = (
				31DCC2312A822DDA00FAC432 /* Debug */,
				31DCC2322A822DDA00FAC432 /* Release */,
			);
			defaultConfigurationIsVisible = 0;
			defaultConfigurationName = Release;
		};
/* End XCConfigurationList section */

/* Begin XCVersionGroup section */
		31DCC2252A822DD900FAC432 /* PaperWorld.xcdatamodeld */ = {
			isa = XCVersionGroup;
			children = (
				31DCC2262A822DD900FAC432 /* PaperWorld.xcdatamodel */,
			);
			currentVersion = 31DCC2262A822DD900FAC432 /* PaperWorld.xcdatamodel */;
			path = PaperWorld.xcdatamodeld;
			sourceTree = "<group>";
			versionGroupType = wrapper.xcdatamodel;
		};
/* End XCVersionGroup section */
	};
	rootObject = 31DCC2112A822DD900FAC432 /* Project object */;
}
